// !$*UTF8*$!
{
	archiveVersion = 1;
	classes = {
	};
	objectVersion = 46;
	objects = {

/* Begin PBXBuildFile section */
		3A4C1AF01C3D999E0092C574 /* AppDelegate.swift in Sources */ = {isa = PBXBuildFile; fileRef = 3A4C1AEF1C3D999E0092C574 /* AppDelegate.swift */; };
		3A4C1AF21C3D999E0092C574 /* ViewController.swift in Sources */ = {isa = PBXBuildFile; fileRef = 3A4C1AF11C3D999E0092C574 /* ViewController.swift */; };
		3A4C1AF51C3D999E0092C574 /* Main.storyboard in Resources */ = {isa = PBXBuildFile; fileRef = 3A4C1AF31C3D999E0092C574 /* Main.storyboard */; };
		3A4C1AF71C3D999E0092C574 /* Assets.xcassets in Resources */ = {isa = PBXBuildFile; fileRef = 3A4C1AF61C3D999E0092C574 /* Assets.xcassets */; };
		3A4C1AFA1C3D999E0092C574 /* LaunchScreen.storyboard in Resources */ = {isa = PBXBuildFile; fileRef = 3A4C1AF81C3D999E0092C574 /* LaunchScreen.storyboard */; };
		3A4C1B051C3D999E0092C574 /* AboutMeIOSTests.swift in Sources */ = {isa = PBXBuildFile; fileRef = 3A4C1B041C3D999E0092C574 /* AboutMeIOSTests.swift */; };
/* End PBXBuildFile section */

/* Begin PBXContainerItemProxy section */
		3A4C1B011C3D999E0092C574 /* PBXContainerItemProxy */ = {
			isa = PBXContainerItemProxy;
			containerPortal = 3A4C1AE41C3D999E0092C574 /* Project object */;
			proxyType = 1;
			remoteGlobalIDString = 3A4C1AEB1C3D999E0092C574;
			remoteInfo = AboutMeIOS;
		};
/* End PBXContainerItemProxy section */

/* Begin PBXFileReference section */
		3A4C1AEC1C3D999E0092C574 /* AboutMeIOS.app */ = {isa = PBXFileReference; explicitFileType = wrapper.application; includeInIndex = 0; path = AboutMeIOS.app; sourceTree = BUILT_PRODUCTS_DIR; };
		3A4C1AEF1C3D999E0092C574 /* AppDelegate.swift */ = {isa = PBXFileReference; lastKnownFileType = sourcecode.swift; path = AppDelegate.swift; sourceTree = "<group>"; };
		3A4C1AF11C3D999E0092C574 /* ViewController.swift */ = {isa = PBXFileReference; lastKnownFileType = sourcecode.swift; path = ViewController.swift; sourceTree = "<group>"; };
		3A4C1AF41C3D999E0092C574 /* Base */ = {isa = PBXFileReference; lastKnownFileType = file.storyboard; name = Base; path = Base.lproj/Main.storyboard; sourceTree = "<group>"; };
		3A4C1AF61C3D999E0092C574 /* Assets.xcassets */ = {isa = PBXFileReference; lastKnownFileType = folder.assetcatalog; path = Assets.xcassets; sourceTree = "<group>"; };
		3A4C1AF91C3D999E0092C574 /* Base */ = {isa = PBXFileReference; lastKnownFileType = file.storyboard; name = Base; path = Base.lproj/LaunchScreen.storyboard; sourceTree = "<group>"; };
		3A4C1AFB1C3D999E0092C574 /* Info.plist */ = {isa = PBXFileReference; lastKnownFileType = text.plist.xml; path = Info.plist; sourceTree = "<group>"; };
		3A4C1B001C3D999E0092C574 /* AboutMeIOSTests.xctest */ = {isa = PBXFileReference; explicitFileType = wrapper.cfbundle; includeInIndex = 0; path = AboutMeIOSTests.xctest; sourceTree = BUILT_PRODUCTS_DIR; };
		3A4C1B041C3D999E0092C574 /* AboutMeIOSTests.swift */ = {isa = PBXFileReference; lastKnownFileType = sourcecode.swift; path = AboutMeIOSTests.swift; sourceTree = "<group>"; };
		3A4C1B061C3D999E0092C574 /* Info.plist */ = {isa = PBXFileReference; lastKnownFileType = text.plist.xml; path = Info.plist; sourceTree = "<group>"; };
/* End PBXFileReference section */

/* Begin PBXFrameworksBuildPhase section */
		3A4C1AE91C3D999E0092C574 /* Frameworks */ = {
			isa = PBXFrameworksBuildPhase;
			buildActionMask = 2147483647;
			files = (
			);
			runOnlyForDeploymentPostprocessing = 0;
		};
		3A4C1AFD1C3D999E0092C574 /* Frameworks */ = {
			isa = PBXFrameworksBuildPhase;
			buildActionMask = 2147483647;
			files = (
			);
			runOnlyForDeploymentPostprocessing = 0;
		};
/* End PBXFrameworksBuildPhase section */

/* Begin PBXGroup section */
		3A4C1AE31C3D999E0092C574 = {
			isa = PBXGroup;
			children = (
				3A4C1AEE1C3D999E0092C574 /* AboutMeIOS */,
				3A4C1B031C3D999E0092C574 /* AboutMeIOSTests */,
				3A4C1AED1C3D999E0092C574 /* Products */,
			);
			sourceTree = "<group>";
		};
		3A4C1AED1C3D999E0092C574 /* Products */ = {
			isa = PBXGroup;
			children = (
				3A4C1AEC1C3D999E0092C574 /* AboutMeIOS.app */,
				3A4C1B001C3D999E0092C574 /* AboutMeIOSTests.xctest */,
			);
			name = Products;
			sourceTree = "<group>";
		};
		3A4C1AEE1C3D999E0092C574 /* AboutMeIOS */ = {
			isa = PBXGroup;
			children = (
				3A4C1B0F1C3D9B400092C574 /* Controller */,
				3A4C1B101C3D9B5F0092C574 /* View */,
				3A4C1AFB1C3D999E0092C574 /* Info.plist */,
				3A4C1AF81C3D999E0092C574 /* LaunchScreen.storyboard */,
			);
			path = AboutMeIOS;
			sourceTree = "<group>";
		};
		3A4C1B031C3D999E0092C574 /* AboutMeIOSTests */ = {
			isa = PBXGroup;
			children = (
				3A4C1B041C3D999E0092C574 /* AboutMeIOSTests.swift */,
				3A4C1B061C3D999E0092C574 /* Info.plist */,
			);
			path = AboutMeIOSTests;
			sourceTree = "<group>";
		};
		3A4C1B0F1C3D9B400092C574 /* Controller */ = {
			isa = PBXGroup;
			children = (
				3A4C1AF11C3D999E0092C574 /* ViewController.swift */,
				3A4C1AEF1C3D999E0092C574 /* AppDelegate.swift */,
			);
			name = Controller;
			sourceTree = "<group>";
		};
		3A4C1B101C3D9B5F0092C574 /* View */ = {
			isa = PBXGroup;
			children = (
				3A4C1AF31C3D999E0092C574 /* Main.storyboard */,
				3A4C1AF61C3D999E0092C574 /* Assets.xcassets */,
			);
			name = View;
			sourceTree = "<group>";
		};
/* End PBXGroup section */

/* Begin PBXNativeTarget section */
		3A4C1AEB1C3D999E0092C574 /* AboutMeIOS */ = {
			isa = PBXNativeTarget;
			buildConfigurationList = 3A4C1B091C3D999E0092C574 /* Build configuration list for PBXNativeTarget "AboutMeIOS" */;
			buildPhases = (
				3A4C1AE81C3D999E0092C574 /* Sources */,
				3A4C1AE91C3D999E0092C574 /* Frameworks */,
				3A4C1AEA1C3D999E0092C574 /* Resources */,
			);
			buildRules = (
			);
			dependencies = (
			);
			name = AboutMeIOS;
			productName = AboutMeIOS;
			productReference = 3A4C1AEC1C3D999E0092C574 /* AboutMeIOS.app */;
			productType = "com.apple.product-type.application";
		};
		3A4C1AFF1C3D999E0092C574 /* AboutMeIOSTests */ = {
			isa = PBXNativeTarget;
			buildConfigurationList = 3A4C1B0C1C3D999E0092C574 /* Build configuration list for PBXNativeTarget "AboutMeIOSTests" */;
			buildPhases = (
				3A4C1AFC1C3D999E0092C574 /* Sources */,
				3A4C1AFD1C3D999E0092C574 /* Frameworks */,
				3A4C1AFE1C3D999E0092C574 /* Resources */,
			);
			buildRules = (
			);
			dependencies = (
				3A4C1B021C3D999E0092C574 /* PBXTargetDependency */,
			);
			name = AboutMeIOSTests;
			productName = AboutMeIOSTests;
			productReference = 3A4C1B001C3D999E0092C574 /* AboutMeIOSTests.xctest */;
			productType = "com.apple.product-type.bundle.unit-test";
		};
/* End PBXNativeTarget section */

/* Begin PBXProject section */
		3A4C1AE41C3D999E0092C574 /* Project object */ = {
			isa = PBXProject;
			attributes = {
				LastSwiftUpdateCheck = 0720;
				LastUpgradeCheck = 0720;
				ORGANIZATIONNAME = CTEC;
				TargetAttributes = {
					3A4C1AEB1C3D999E0092C574 = {
						CreatedOnToolsVersion = 7.2;
					};
					3A4C1AFF1C3D999E0092C574 = {
						CreatedOnToolsVersion = 7.2;
						TestTargetID = 3A4C1AEB1C3D999E0092C574;
					};
				};
			};
			buildConfigurationList = 3A4C1AE71C3D999E0092C574 /* Build configuration list for PBXProject "AboutMeIOS" */;
			compatibilityVersion = "Xcode 3.2";
			developmentRegion = English;
			hasScannedForEncodings = 0;
			knownRegions = (
				en,
				Base,
			);
			mainGroup = 3A4C1AE31C3D999E0092C574;
			productRefGroup = 3A4C1AED1C3D999E0092C574 /* Products */;
			projectDirPath = "";
			projectRoot = "";
			targets = (
				3A4C1AEB1C3D999E0092C574 /* AboutMeIOS */,
				3A4C1AFF1C3D999E0092C574 /* AboutMeIOSTests */,
			);
		};
/* End PBXProject section */

/* Begin PBXResourcesBuildPhase section */
		3A4C1AEA1C3D999E0092C574 /* Resources */ = {
			isa = PBXResourcesBuildPhase;
			buildActionMask = 2147483647;
			files = (
				3A4C1AFA1C3D999E0092C574 /* LaunchScreen.storyboard in Resources */,
				3A4C1AF71C3D999E0092C574 /* Assets.xcassets in Resources */,
				3A4C1AF51C3D999E0092C574 /* Main.storyboard in Resources */,
			);
			runOnlyForDeploymentPostprocessing = 0;
		};
		3A4C1AFE1C3D999E0092C574 /* Resources */ = {
			isa = PBXResourcesBuildPhase;
			buildActionMask = 2147483647;
			files = (
			);
			runOnlyForDeploymentPostprocessing = 0;
		};
/* End PBXResourcesBuildPhase section */

/* Begin PBXSourcesBuildPhase section */
		3A4C1AE81C3D999E0092C574 /* Sources */ = {
			isa = PBXSourcesBuildPhase;
			buildActionMask = 2147483647;
			files = (
				3A4C1AF21C3D999E0092C574 /* ViewController.swift in Sources */,
				3A4C1AF01C3D999E0092C574 /* AppDelegate.swift in Sources */,
			);
			runOnlyForDeploymentPostprocessing = 0;
		};
		3A4C1AFC1C3D999E0092C574 /* Sources */ = {
			isa = PBXSourcesBuildPhase;
			buildActionMask = 2147483647;
			files = (
				3A4C1B051C3D999E0092C574 /* AboutMeIOSTests.swift in Sources */,
			);
			runOnlyForDeploymentPostprocessing = 0;
		};
/* End PBXSourcesBuildPhase section */

/* Begin PBXTargetDependency section */
		3A4C1B021C3D999E0092C574 /* PBXTargetDependency */ = {
			isa = PBXTargetDependency;
			target = 3A4C1AEB1C3D999E0092C574 /* AboutMeIOS */;
			targetProxy = 3A4C1B011C3D999E0092C574 /* PBXContainerItemProxy */;
		};
/* End PBXTargetDependency section */

/* Begin PBXVariantGroup section */
		3A4C1AF31C3D999E0092C574 /* Main.storyboard */ = {
			isa = PBXVariantGroup;
			children = (
				3A4C1AF41C3D999E0092C574 /* Base */,
			);
			name = Main.storyboard;
			sourceTree = "<group>";
		};
		3A4C1AF81C3D999E0092C574 /* LaunchScreen.storyboard */ = {
			isa = PBXVariantGroup;
			children = (
				3A4C1AF91C3D999E0092C574 /* Base */,
			);
			name = LaunchScreen.storyboard;
			sourceTree = "<group>";
		};
/* End PBXVariantGroup section */

/* Begin XCBuildConfiguration section */
		3A4C1B071C3D999E0092C574 /* Debug */ = {
			isa = XCBuildConfiguration;
			buildSettings = {
				ALWAYS_SEARCH_USER_PATHS = NO;
				CLANG_CXX_LANGUAGE_STANDARD = "gnu++0x";
				CLANG_CXX_LIBRARY = "libc++";
				CLANG_ENABLE_MODULES = YES;
				CLANG_ENABLE_OBJC_ARC = YES;
				CLANG_WARN_BOOL_CONVERSION = YES;
				CLANG_WARN_CONSTANT_CONVERSION = YES;
				CLANG_WARN_DIRECT_OBJC_ISA_USAGE = YES_ERROR;
				CLANG_WARN_EMPTY_BODY = YES;
				CLANG_WARN_ENUM_CONVERSION = YES;
				CLANG_WARN_INT_CONVERSION = YES;
				CLANG_WARN_OBJC_ROOT_CLASS = YES_ERROR;
				CLANG_WARN_UNREACHABLE_CODE = YES;
				CLANG_WARN__DUPLICATE_METHOD_MATCH = YES;
				"CODE_SIGN_IDENTITY[sdk=iphoneos*]" = "iPhone Developer";
				COPY_PHASE_STRIP = NO;
				DEBUG_INFORMATION_FORMAT = dwarf;
				ENABLE_STRICT_OBJC_MSGSEND = YES;
				ENABLE_TESTABILITY = YES;
				GCC_C_LANGUAGE_STANDARD = gnu99;
				GCC_DYNAMIC_NO_PIC = NO;
				GCC_NO_COMMON_BLOCKS = YES;
				GCC_OPTIMIZATION_LEVEL = 0;
				GCC_PREPROCESSOR_DEFINITIONS = (
					"DEBUG=1",
					"$(inherited)",
				);
				GCC_WARN_64_TO_32_BIT_CONVERSION = YES;
				GCC_WARN_ABOUT_RETURN_TYPE = YES_ERROR;
				GCC_WARN_UNDECLARED_SELECTOR = YES;
				GCC_WARN_UNINITIALIZED_AUTOS = YES_AGGRESSIVE;
				GCC_WARN_UNUSED_FUNCTION = YES;
				GCC_WARN_UNUSED_VARIABLE = YES;
				IPHONEOS_DEPLOYMENT_TARGET = 9.2;
				MTL_ENABLE_DEBUG_INFO = YES;
				ONLY_ACTIVE_ARCH = YES;
				SDKROOT = iphoneos;
				SWIFT_OPTIMIZATION_LEVEL = "-Onone";
				TARGETED_DEVICE_FAMILY = "1,2";
			};
			name = Debug;
		};
		3A4C1B081C3D999E0092C574 /* Release */ = {
			isa = XCBuildConfiguration;
			buildSettings = {
				ALWAYS_SEARCH_USER_PATHS = NO;
				CLANG_CXX_LANGUAGE_STANDARD = "gnu++0x";
				CLANG_CXX_LIBRARY = "libc++";
				CLANG_ENABLE_MODULES = YES;
				CLANG_ENABLE_OBJC_ARC = YES;
				CLANG_WARN_BOOL_CONVERSION = YES;
				CLANG_WARN_CONSTANT_CONVERSION = YES;
				CLANG_WARN_DIRECT_OBJC_ISA_USAGE = YES_ERROR;
				CLANG_WARN_EMPTY_BODY = YES;
				CLANG_WARN_ENUM_CONVERSION = YES;
				CLANG_WARN_INT_CONVERSION = YES;
				CLANG_WARN_OBJC_ROOT_CLASS = YES_ERROR;
				CLANG_WARN_UNREACHABLE_CODE = YES;
				CLANG_WARN__DUPLICATE_METHOD_MATCH = YES;
				"CODE_SIGN_IDENTITY[sdk=iphoneos*]" = "iPhone Developer";
				COPY_PHASE_STRIP = NO;
				DEBUG_INFORMATION_FORMAT = "dwarf-with-dsym";
				ENABLE_NS_ASSERTIONS = NO;
				ENABLE_STRICT_OBJC_MSGSEND = YES;
				GCC_C_LANGUAGE_STANDARD = gnu99;
				GCC_NO_COMMON_BLOCKS = YES;
				GCC_WARN_64_TO_32_BIT_CONVERSION = YES;
				GCC_WARN_ABOUT_RETURN_TYPE = YES_ERROR;
				GCC_WARN_UNDECLARED_SELECTOR = YES;
				GCC_WARN_UNINITIALIZED_AUTOS = YES_AGGRESSIVE;
				GCC_WARN_UNUSED_FUNCTION = YES;
				GCC_WARN_UNUSED_VARIABLE = YES;
				IPHONEOS_DEPLOYMENT_TARGET = 9.2;
				MTL_ENABLE_DEBUG_INFO = NO;
				SDKROOT = iphoneos;
				TARGETED_DEVICE_FAMILY = "1,2";
				VALIDATE_PRODUCT = YES;
			};
			name = Release;
		};
		3A4C1B0A1C3D999E0092C574 /* Debug */ = {
			isa = XCBuildConfiguration;
			buildSettings = {
				ASSETCATALOG_COMPILER_APPICON_NAME = AppIcon;
				INFOPLIST_FILE = AboutMeIOS/Info.plist;
				LD_RUNPATH_SEARCH_PATHS = "$(inherited) @executable_path/Frameworks";
				PRODUCT_BUNDLE_IDENTIFIER = ctec.AboutMeIOS;
				PRODUCT_NAME = "$(TARGET_NAME)";
			};
			name = Debug;
		};
		3A4C1B0B1C3D999E0092C574 /* Release */ = {
			isa = XCBuildConfiguration;
			buildSettings = {
				ASSETCATALOG_COMPILER_APPICON_NAME = AppIcon;
				INFOPLIST_FILE = AboutMeIOS/Info.plist;
				LD_RUNPATH_SEARCH_PATHS = "$(inherited) @executable_path/Frameworks";
				PRODUCT_BUNDLE_IDENTIFIER = ctec.AboutMeIOS;
				PRODUCT_NAME = "$(TARGET_NAME)";
			};
			name = Release;
		};
		3A4C1B0D1C3D999E0092C574 /* Debug */ = {
			isa = XCBuildConfiguration;
			buildSettings = {
				BUNDLE_LOADER = "$(TEST_HOST)";
				INFOPLIST_FILE = AboutMeIOSTests/Info.plist;
				LD_RUNPATH_SEARCH_PATHS = "$(inherited) @executable_path/Frameworks @loader_path/Frameworks";
				PRODUCT_BUNDLE_IDENTIFIER = ctec.AboutMeIOSTests;
				PRODUCT_NAME = "$(TARGET_NAME)";
				TEST_HOST = "$(BUILT_PRODUCTS_DIR)/AboutMeIOS.app/AboutMeIOS";
			};
			name = Debug;
		};
		3A4C1B0E1C3D999E0092C574 /* Release */ = {
			isa = XCBuildConfiguration;
			buildSettings = {
				BUNDLE_LOADER = "$(TEST_HOST)";
				INFOPLIST_FILE = AboutMeIOSTests/Info.plist;
				LD_RUNPATH_SEARCH_PATHS = "$(inherited) @executable_path/Frameworks @loader_path/Frameworks";
				PRODUCT_BUNDLE_IDENTIFIER = ctec.AboutMeIOSTests;
				PRODUCT_NAME = "$(TARGET_NAME)";
				TEST_HOST = "$(BUILT_PRODUCTS_DIR)/AboutMeIOS.app/AboutMeIOS";
			};
			name = Release;
		};
/* End XCBuildConfiguration section */

/* Begin XCConfigurationList section */
		3A4C1AE71C3D999E0092C574 /* Build configuration list for PBXProject "AboutMeIOS" */ = {
			isa = XCConfigurationList;
			buildConfigurations = (
				3A4C1B071C3D999E0092C574 /* Debug */,
				3A4C1B081C3D999E0092C574 /* Release */,
			);
			defaultConfigurationIsVisible = 0;
			defaultConfigurationName = Release;
		};
		3A4C1B091C3D999E0092C574 /* Build configuration list for PBXNativeTarget "AboutMeIOS" */ = {
			isa = XCConfigurationList;
			buildConfigurations = (
				3A4C1B0A1C3D999E0092C574 /* Debug */,
				3A4C1B0B1C3D999E0092C574 /* Release */,
			);
			defaultConfigurationIsVisible = 0;
		};
		3A4C1B0C1C3D999E0092C574 /* Build configuration list for PBXNativeTarget "AboutMeIOSTests" */ = {
			isa = XCConfigurationList;
			buildConfigurations = (
				3A4C1B0D1C3D999E0092C574 /* Debug */,
				3A4C1B0E1C3D999E0092C574 /* Release */,
			);
			defaultConfigurationIsVisible = 0;
		};
/* End XCConfigurationList section */
	};
	rootObject = 3A4C1AE41C3D999E0092C574 /* Project object */;
}
